
Microsoft Visual Studio Solution File, Format Version 12.00
Project("{FAE04EC0-301F-11D3-BF4B-00C04F79EFBC}") = "UserManager.Models", "UserManager.Models\UserManager.Models.csproj", "{B80F926B-DDB1-459E-83AB-575000C58B3B}"
EndProject
Project("{FAE04EC0-301F-11D3-BF4B-00C04F79EFBC}") = "UserManager.Models.Test", "UserManager.Models.Test\UserManager.Models.Test.csproj", "{D90488FA-1461-4358-88EB-A1ECAD7944AE}"
EndProject
Project("{FAE04EC0-301F-11D3-BF4B-00C04F79EFBC}") = "UserManager.App", "UserManager.App\UserManager.App.csproj", "{20956470-AC0A-4428-9754-7B896B2767C6}"
EndProject
Global
	GlobalSection(SolutionConfigurationPlatforms) = preSolution
		Debug|Any CPU = Debug|Any CPU
		Release|Any CPU = Release|Any CPU
	EndGlobalSection
	GlobalSection(ProjectConfigurationPlatforms) = postSolution
		{B80F926B-DDB1-459E-83AB-575000C58B3B}.Debug|Any CPU.ActiveCfg = Debug|Any CPU
		{B80F926B-DDB1-459E-83AB-575000C58B3B}.Debug|Any CPU.Build.0 = Debug|Any CPU
		{B80F926B-DDB1-459E-83AB-575000C58B3B}.Release|Any CPU.ActiveCfg = Release|Any CPU
		{B80F926B-DDB1-459E-83AB-575000C58B3B}.Release|Any CPU.Build.0 = Release|Any CPU
		{D90488FA-1461-4358-88EB-A1ECAD7944AE}.Debug|Any CPU.ActiveCfg = Debug|Any CPU
		{D90488FA-1461-4358-88EB-A1ECAD7944AE}.Debug|Any CPU.Build.0 = Debug|Any CPU
		{D90488FA-1461-4358-88EB-A1ECAD7944AE}.Release|Any CPU.ActiveCfg = Release|Any CPU
		{D90488FA-1461-4358-88EB-A1ECAD7944AE}.Release|Any CPU.Build.0 = Release|Any CPU
		{20956470-AC0A-4428-9754-7B896B2767C6}.Debug|Any CPU.ActiveCfg = Debug|Any CPU
		{20956470-AC0A-4428-9754-7B896B2767C6}.Debug|Any CPU.Build.0 = Debug|Any CPU
		{20956470-AC0A-4428-9754-7B896B2767C6}.Release|Any CPU.ActiveCfg = Release|Any CPU
		{20956470-AC0A-4428-9754-7B896B2767C6}.Release|Any CPU.Build.0 = Release|Any CPU
	EndGlobalSection
EndGlobal
